<?xml version="1.0" encoding="utf-8"?>
<Project ToolsVersion="4.0" xmlns="http://schemas.microsoft.com/developer/msbuild/2003">
  <ItemGroup>
    <Filter Include="Source Files">
      <UniqueIdentifier>{4FC737F1-C7A5-4376-A066-2A32D752A2FF}</UniqueIdentifier>
      <Extensions>cpp;c;cc;cxx;def;odl;idl;hpj;bat;asm;asmx</Extensions>
    </Filter>
    <Filter Include="Header Files">
      <UniqueIdentifier>{93995380-89BD-4b04-88EB-625FBE52EBFB}</UniqueIdentifier>
      <Extensions>h;hh;hpp;hxx;hm;inl;inc;xsd</Extensions>
    </Filter>
    <Filter Include="Resource Files">
      <UniqueIdentifier>{67DA6AB6-F800-4c08-8B7A-83BB121AAD01}</UniqueIdentifier>
      <Extensions>rc;ico;cur;bmp;dlg;rc2;rct;bin;rgs;gif;jpg;jpeg;jpe;resx;tiff;tif;png;wav;mfcribbon-ms</Extensions>
    </Filter>
  </ItemGroup>
  <ItemGroup>
    <ClCompile Include="main.cpp">
      <Filter>Source Files</Filter>
    </ClCompile>
    <ClCompile Include="lppscript\LppScript.cpp">
      <Filter>Source Files</Filter>
    </ClCompile>
    <ClCompile Include="Game.cpp">
      <Filter>Source Files</Filter>
    </ClCompile>
    <ClCompile Include="EntitySystem.cpp">
      <Filter>Source Files</Filter>
    </ClCompile>
    <ClCompile Include="HealthSystem.cpp">
      <Filter>Source Files</Filter>
    </ClCompile>
    <ClCompile Include="MovementSystem.cpp">
      <Filter>Source Files</Filter>
    </ClCompile>
    <ClCompile Include="AISystem.cpp">
      <Filter>Source Files</Filter>
    </ClCompile>
    <ClCompile Include="InputSystem.cpp">
      <Filter>Source Files</Filter>
    </ClCompile>
    <ClCompile Include="Console.cpp">
      <Filter>Source Files</Filter>
    </ClCompile>
    <ClCompile Include="SelectionBox.cpp">
      <Filter>Source Files</Filter>
    </ClCompile>
    <ClCompile Include="GridSystem.cpp">
      <Filter>Source Files</Filter>
    </ClCompile>
    <ClCompile Include="TaskSystem.cpp">
      <Filter>Source Files</Filter>
    </ClCompile>
    <ClCompile Include="EntityPlacer.cpp">
      <Filter>Source Files</Filter>
    </ClCompile>
    <ClCompile Include="EntityCreator.cpp">
      <Filter>Source Files</Filter>
    </ClCompile>
    <ClCompile Include="GameSerializer.cpp">
      <Filter>Source Files</Filter>
    </ClCompile>
    <ClCompile Include="CombatSystem.cpp">
      <Filter>Source Files</Filter>
    </ClCompile>
    <ClCompile Include="ProductionSystem.cpp">
      <Filter>Source Files</Filter>
    </ClCompile>
    <ClCompile Include="LuaInterface.cpp">
      <Filter>Source Files</Filter>
    </ClCompile>
    <ClCompile Include="HealthHelper.cpp">
      <Filter>Source Files</Filter>
    </ClCompile>
    <ClCompile Include="AIHelper.cpp">
      <Filter>Source Files</Filter>
    </ClCompile>
    <ClCompile Include="CombatHelper.cpp">
      <Filter>Source Files</Filter>
    </ClCompile>
    <ClCompile Include="InputHelper.cpp">
      <Filter>Source Files</Filter>
    </ClCompile>
    <ClCompile Include="HomingHelper.cpp">
      <Filter>Source Files</Filter>
    </ClCompile>
    <ClCompile Include="PhysicsHelper.cpp">
      <Filter>Source Files</Filter>
    </ClCompile>
    <ClCompile Include="GraphicsHelper.cpp">
      <Filter>Source Files</Filter>
    </ClCompile>
    <ClCompile Include="ProductionHelper.cpp">
      <Filter>Source Files</Filter>
    </ClCompile>
    <ClCompile Include="ProductHelper.cpp">
      <Filter>Source Files</Filter>
    </ClCompile>
    <ClCompile Include="PathfindingHelper.cpp">
      <Filter>Source Files</Filter>
    </ClCompile>
    <ClCompile Include="TaskHelper.cpp">
      <Filter>Source Files</Filter>
    </ClCompile>
    <ClCompile Include="TaskHandlerHelper.cpp">
      <Filter>Source Files</Filter>
    </ClCompile>
    <ClCompile Include="StructureHelper.cpp">
      <Filter>Source Files</Filter>
    </ClCompile>
    <ClCompile Include="MovementHelper.cpp">
      <Filter>Source Files</Filter>
    </ClCompile>
    <ClCompile Include="TimeSystem.cpp">
      <Filter>Source Files</Filter>
    </ClCompile>
    <ClCompile Include="TimeHelper.cpp">
      <Filter>Source Files</Filter>
    </ClCompile>
  </ItemGroup>
  <ItemGroup>
    <ClInclude Include="lppscript\LppScript.hpp">
      <Filter>Header Files</Filter>
    </ClInclude>
    <ClInclude Include="Game.hpp">
      <Filter>Header Files</Filter>
    </ClInclude>
    <ClInclude Include="Components.hpp">
      <Filter>Header Files</Filter>
    </ClInclude>
    <ClInclude Include="EntitySystem.hpp">
      <Filter>Header Files</Filter>
    </ClInclude>
    <ClInclude Include="HealthSystem.hpp">
      <Filter>Header Files</Filter>
    </ClInclude>
    <ClInclude Include="MovementSystem.hpp">
      <Filter>Header Files</Filter>
    </ClInclude>
    <ClInclude Include="System.hpp">
      <Filter>Header Files</Filter>
    </ClInclude>
    <ClInclude Include="AISystem.hpp">
      <Filter>Header Files</Filter>
    </ClInclude>
    <ClInclude Include="InputSystem.hpp">
      <Filter>Header Files</Filter>
    </ClInclude>
    <ClInclude Include="Console.hpp">
      <Filter>Header Files</Filter>
    </ClInclude>
    <ClInclude Include="SelectionBox.hpp">
      <Filter>Header Files</Filter>
    </ClInclude>
    <ClInclude Include="GridSystem.hpp">
      <Filter>Header Files</Filter>
    </ClInclude>
    <ClInclude Include="Enums.hpp">
      <Filter>Header Files</Filter>
    </ClInclude>
    <ClInclude Include="TaskSystem.hpp">
      <Filter>Header Files</Filter>
    </ClInclude>
    <ClInclude Include="EntityPlacer.hpp">
      <Filter>Header Files</Filter>
    </ClInclude>
    <ClInclude Include="EntityCreator.hpp">
      <Filter>Header Files</Filter>
    </ClInclude>
    <ClInclude Include="GameSerializer.hpp">
      <Filter>Header Files</Filter>
    </ClInclude>
    <ClInclude Include="CombatSystem.hpp">
      <Filter>Header Files</Filter>
    </ClInclude>
    <ClInclude Include="ProductionSystem.hpp">
      <Filter>Header Files</Filter>
    </ClInclude>
    <ClInclude Include="LuaInterface.hpp">
      <Filter>Header Files</Filter>
    </ClInclude>
    <ClInclude Include="HealthHelper.hpp">
      <Filter>Header Files</Filter>
    </ClInclude>
    <ClInclude Include="AIHelper.hpp">
      <Filter>Header Files</Filter>
    </ClInclude>
    <ClInclude Include="CombatHelper.hpp">
      <Filter>Header Files</Filter>
    </ClInclude>
    <ClInclude Include="InputHelper.hpp">
      <Filter>Header Files</Filter>
    </ClInclude>
    <ClInclude Include="HomingHelper.hpp">
      <Filter>Header Files</Filter>
    </ClInclude>
    <ClInclude Include="PhysicsHelper.hpp">
      <Filter>Header Files</Filter>
    </ClInclude>
    <ClInclude Include="GraphicsHelper.hpp">
      <Filter>Header Files</Filter>
    </ClInclude>
    <ClInclude Include="ProductionHelper.hpp">
      <Filter>Header Files</Filter>
    </ClInclude>
    <ClInclude Include="ProductHelper.hpp">
      <Filter>Header Files</Filter>
    </ClInclude>
    <ClInclude Include="PathfindingHelper.hpp">
      <Filter>Header Files</Filter>
    </ClInclude>
    <ClInclude Include="TaskHelper.hpp">
      <Filter>Header Files</Filter>
    </ClInclude>
    <ClInclude Include="TaskHandlerHelper.hpp">
      <Filter>Header Files</Filter>
    </ClInclude>
    <ClInclude Include="StructureHelper.hpp">
      <Filter>Header Files</Filter>
    </ClInclude>
    <ClInclude Include="MovementHelper.hpp">
      <Filter>Header Files</Filter>
    </ClInclude>
    <ClInclude Include="Helpers.hpp">
      <Filter>Header Files</Filter>
    </ClInclude>
    <ClInclude Include="TimeSystem.hpp">
      <Filter>Header Files</Filter>
    </ClInclude>
    <ClInclude Include="TimeHelper.hpp">
      <Filter>Header Files</Filter>
    </ClInclude>
  </ItemGroup>
</Project>